{
  "requires": true,
  "lockfileVersion": 1,
  "dependencies": {
    "@types/node": {
      "version": "13.11.0",
      "resolved": "https://registry.npmjs.org/@types/node/-/node-13.11.0.tgz",
      "integrity": "sha512-uM4mnmsIIPK/yeO+42F2RQhGUIs39K2RFmugcJANppXe6J1nvH87PvzPZYpza7Xhhs8Yn9yIAVdLZ84z61+0xQ==",
      "dev": true
    },
    "@types/pdfkit": {
      "version": "0.10.5",
      "resolved": "https://registry.npmjs.org/@types/pdfkit/-/pdfkit-0.10.5.tgz",
      "integrity": "sha512-VBv1XDVge3mfeY6MsiyFLm9bPCDTWhxR0+yV3GeiSyjGY3CkbSQHOOdYfKVr834B2grALC763PAM6TreTM5vJA==",
      "dev": true,
      "requires": {
        "@types/node": "*"
      }
    },
    "@types/pdfmake": {
      "version": "0.1.12",
      "resolved": "https://registry.npmjs.org/@types/pdfmake/-/pdfmake-0.1.12.tgz",
      "integrity": "sha512-EsLMa2dclRTx2/36qotZQNi3h5EUoyhLqT3TGK50h3ZaiTJSIrksmkEXJa6xNwoek0JwDELr4MYE2LQsl/dIUw==",
      "dev": true,
      "requires": {
        "@types/node": "*",
        "@types/pdfkit": "*"
      }
    }
  }
}
